
Microsoft Visual Studio Solution File, Format Version 12.00
# Visual Studio Version 16
VisualStudioVersion = 16.0.31402.337
MinimumVisualStudioVersion = 10.0.40219.1
Project("{FAE04EC0-301F-11D3-BF4B-00C04F79EFBC}") = "TesteGitHub01", "TesteGitHub01\TesteGitHub01.csproj", "{D451017B-8DDA-4481-8C1F-E9B9B9448D7A}"
EndProject
Global
	GlobalSection(SolutionConfigurationPlatforms) = preSolution
		Debug|Any CPU = Debug|Any CPU
		Release|Any CPU = Release|Any CPU
	EndGlobalSection
	GlobalSection(ProjectConfigurationPlatforms) = postSolution
		{D451017B-8DDA-4481-8C1F-E9B9B9448D7A}.Debug|Any CPU.ActiveCfg = Debug|Any CPU
		{D451017B-8DDA-4481-8C1F-E9B9B9448D7A}.Debug|Any CPU.Build.0 = Debug|Any CPU
		{D451017B-8DDA-4481-8C1F-E9B9B9448D7A}.Release|Any CPU.ActiveCfg = Release|Any CPU
		{D451017B-8DDA-4481-8C1F-E9B9B9448D7A}.Release|Any CPU.Build.0 = Release|Any CPU
	EndGlobalSection
	GlobalSection(SolutionProperties) = preSolution
		HideSolutionNode = FALSE
	EndGlobalSection
	GlobalSection(ExtensibilityGlobals) = postSolution
		SolutionGuid = {26714EF6-A7C2-42E3-ABD0-02216C57BC87}
	EndGlobalSection
EndGlobal
